
Microsoft Visual Studio Solution File, Format Version 12.00
# Visual Studio 15
VisualStudioVersion = 15.0.27428.2043
MinimumVisualStudioVersion = 10.0.40219.1
Project("{8BC9CEB8-8B4A-11D0-8D11-00A0C91BC942}") = "Pterraformer", "Pterraformer\Pterraformer.vcxproj", "{EFA29D27-691B-4243-834F-82BAAD204FE9}"
EndProject
Global
	GlobalSection(SolutionConfigurationPlatforms) = preSolution
		Debug|x64 = Debug|x64
		Debug|x86 = Debug|x86
		Release|x64 = Release|x64
		Release|x86 = Release|x86
	EndGlobalSection
	GlobalSection(ProjectConfigurationPlatforms) = postSolution
		{EFA29D27-691B-4243-834F-82BAAD204FE9}.Debug|x64.ActiveCfg = Debug|x64
		{EFA29D27-691B-4243-834F-82BAAD204FE9}.Debug|x64.Build.0 = Debug|x64
		{EFA29D27-691B-4243-834F-82BAAD204FE9}.Debug|x86.ActiveCfg = Debug|Win32
		{EFA29D27-691B-4243-834F-82BAAD204FE9}.Debug|x86.Build.0 = Debug|Win32
		{EFA29D27-691B-4243-834F-82BAAD204FE9}.Release|x64.ActiveCfg = Release|x64
		{EFA29D27-691B-4243-834F-82BAAD204FE9}.Release|x64.Build.0 = Release|x64
		{EFA29D27-691B-4243-834F-82BAAD204FE9}.Release|x86.ActiveCfg = Release|Win32
		{EFA29D27-691B-4243-834F-82BAAD204FE9}.Release|x86.Build.0 = Release|Win32
	EndGlobalSection
	GlobalSection(SolutionProperties) = preSolution
		HideSolutionNode = FALSE
	EndGlobalSection
	GlobalSection(ExtensibilityGlobals) = postSolution
		SolutionGuid = {2C3AB33E-64AA-49B3-B865-986CCF980DDD}
	EndGlobalSection
EndGlobal
